
Microsoft Visual Studio Solution File, Format Version 12.00
# Visual Studio Version 17
VisualStudioVersion = 17.14.36221.1 d17.14
MinimumVisualStudioVersion = 10.0.40219.1
Project("{FAE04EC0-301F-11D3-BF4B-00C04F79EFBC}") = "EFCore03", "EFCore03\EFCore03.csproj", "{5D6E87F1-AC70-489A-BF14-1D98C983206A}"
EndProject
Global
	GlobalSection(SolutionConfigurationPlatforms) = preSolution
		Debug|Any CPU = Debug|Any CPU
		Release|Any CPU = Release|Any CPU
	EndGlobalSection
	GlobalSection(ProjectConfigurationPlatforms) = postSolution
		{5D6E87F1-AC70-489A-BF14-1D98C983206A}.Debug|Any CPU.ActiveCfg = Debug|Any CPU
		{5D6E87F1-AC70-489A-BF14-1D98C983206A}.Debug|Any CPU.Build.0 = Debug|Any CPU
		{5D6E87F1-AC70-489A-BF14-1D98C983206A}.Release|Any CPU.ActiveCfg = Release|Any CPU
		{5D6E87F1-AC70-489A-BF14-1D98C983206A}.Release|Any CPU.Build.0 = Release|Any CPU
	EndGlobalSection
	GlobalSection(SolutionProperties) = preSolution
		HideSolutionNode = FALSE
	EndGlobalSection
	GlobalSection(ExtensibilityGlobals) = postSolution
		SolutionGuid = {84CB8677-D879-4ED8-983F-42E9D31C4150}
	EndGlobalSection
EndGlobal
